
Microsoft Visual Studio Solution File, Format Version 12.00
# Visual Studio Version 17
VisualStudioVersion = 17.8.34525.116
MinimumVisualStudioVersion = 10.0.40219.1
Project("{9A19103F-16F7-4668-BE54-9A1E7A4F7556}") = "Singleton", "..\Singleton\Singleton.csproj", "{90353555-CDC0-4F55-BBB6-296924F5BDAD}"
EndProject
Project("{9A19103F-16F7-4668-BE54-9A1E7A4F7556}") = "AbstaractFactory", "..\AbstaractFactory\AbstaractFactory.csproj", "{3C46B56D-3226-4C67-9000-BD41E9FAC555}"
EndProject
Project("{9A19103F-16F7-4668-BE54-9A1E7A4F7556}") = "Builder", "Builder\Builder.csproj", "{275D4554-7D5A-4C89-AC1E-7304F2EEA6E3}"
EndProject
Project("{2150E333-8FDC-42A3-9474-1A3956D46DE8}") = "Solution Items", "Solution Items", "{D667B15C-7098-4A83-B98D-45C88F8AF57B}"
	ProjectSection(SolutionItems) = preProject
		.gitignore = .gitignore
	EndProjectSection
EndProject
Project("{9A19103F-16F7-4668-BE54-9A1E7A4F7556}") = "FactoryMethod", "FactoryMethod\FactoryMethod.csproj", "{21DF2D42-E2F5-403C-A4BE-26EFA5A4AC4B}"
EndProject
Project("{9A19103F-16F7-4668-BE54-9A1E7A4F7556}") = "Prototype", "Prototype\Prototype.csproj", "{64F9D6E4-6C11-401E-94F4-46696587A567}"
EndProject
Project("{FAE04EC0-301F-11D3-BF4B-00C04F79EFBC}") = "ChainOFResponsibility", "ChainOFResponsibility\ChainOFResponsibility.csproj", "{F9148935-9371-4459-AB2E-CD8C4D250910}"
EndProject
Global
	GlobalSection(SolutionConfigurationPlatforms) = preSolution
		Debug|Any CPU = Debug|Any CPU
		Release|Any CPU = Release|Any CPU
	EndGlobalSection
	GlobalSection(ProjectConfigurationPlatforms) = postSolution
		{90353555-CDC0-4F55-BBB6-296924F5BDAD}.Debug|Any CPU.ActiveCfg = Debug|Any CPU
		{90353555-CDC0-4F55-BBB6-296924F5BDAD}.Debug|Any CPU.Build.0 = Debug|Any CPU
		{90353555-CDC0-4F55-BBB6-296924F5BDAD}.Release|Any CPU.ActiveCfg = Release|Any CPU
		{90353555-CDC0-4F55-BBB6-296924F5BDAD}.Release|Any CPU.Build.0 = Release|Any CPU
		{3C46B56D-3226-4C67-9000-BD41E9FAC555}.Debug|Any CPU.ActiveCfg = Debug|Any CPU
		{3C46B56D-3226-4C67-9000-BD41E9FAC555}.Debug|Any CPU.Build.0 = Debug|Any CPU
		{3C46B56D-3226-4C67-9000-BD41E9FAC555}.Release|Any CPU.ActiveCfg = Release|Any CPU
		{3C46B56D-3226-4C67-9000-BD41E9FAC555}.Release|Any CPU.Build.0 = Release|Any CPU
		{275D4554-7D5A-4C89-AC1E-7304F2EEA6E3}.Debug|Any CPU.ActiveCfg = Debug|Any CPU
		{275D4554-7D5A-4C89-AC1E-7304F2EEA6E3}.Debug|Any CPU.Build.0 = Debug|Any CPU
		{275D4554-7D5A-4C89-AC1E-7304F2EEA6E3}.Release|Any CPU.ActiveCfg = Release|Any CPU
		{275D4554-7D5A-4C89-AC1E-7304F2EEA6E3}.Release|Any CPU.Build.0 = Release|Any CPU
		{21DF2D42-E2F5-403C-A4BE-26EFA5A4AC4B}.Debug|Any CPU.ActiveCfg = Debug|Any CPU
		{21DF2D42-E2F5-403C-A4BE-26EFA5A4AC4B}.Debug|Any CPU.Build.0 = Debug|Any CPU
		{21DF2D42-E2F5-403C-A4BE-26EFA5A4AC4B}.Release|Any CPU.ActiveCfg = Release|Any CPU
		{21DF2D42-E2F5-403C-A4BE-26EFA5A4AC4B}.Release|Any CPU.Build.0 = Release|Any CPU
		{64F9D6E4-6C11-401E-94F4-46696587A567}.Debug|Any CPU.ActiveCfg = Debug|Any CPU
		{64F9D6E4-6C11-401E-94F4-46696587A567}.Debug|Any CPU.Build.0 = Debug|Any CPU
		{64F9D6E4-6C11-401E-94F4-46696587A567}.Release|Any CPU.ActiveCfg = Release|Any CPU
		{64F9D6E4-6C11-401E-94F4-46696587A567}.Release|Any CPU.Build.0 = Release|Any CPU
		{F9148935-9371-4459-AB2E-CD8C4D250910}.Debug|Any CPU.ActiveCfg = Debug|Any CPU
		{F9148935-9371-4459-AB2E-CD8C4D250910}.Debug|Any CPU.Build.0 = Debug|Any CPU
		{F9148935-9371-4459-AB2E-CD8C4D250910}.Release|Any CPU.ActiveCfg = Release|Any CPU
		{F9148935-9371-4459-AB2E-CD8C4D250910}.Release|Any CPU.Build.0 = Release|Any CPU
	EndGlobalSection
	GlobalSection(SolutionProperties) = preSolution
		HideSolutionNode = FALSE
	EndGlobalSection
	GlobalSection(ExtensibilityGlobals) = postSolution
		SolutionGuid = {B8BA2D54-4C58-4C04-8160-BBBCD2C08730}
	EndGlobalSection
EndGlobal
